
Microsoft Visual Studio Solution File, Format Version 12.00
# Visual Studio 15
VisualStudioVersion = 15.0.27130.2024
MinimumVisualStudioVersion = 10.0.40219.1
Project("{FAE04EC0-301F-11D3-BF4B-00C04F79EFBC}") = "CloudflareAPI", "CloudflareAPI\CloudflareAPI.csproj", "{8FE74BC2-62B4-40EA-92C3-793571F06FEB}"
EndProject
Global
	GlobalSection(SolutionConfigurationPlatforms) = preSolution
		Debug|Any CPU = Debug|Any CPU
		Release|Any CPU = Release|Any CPU
	EndGlobalSection
	GlobalSection(ProjectConfigurationPlatforms) = postSolution
		{8FE74BC2-62B4-40EA-92C3-793571F06FEB}.Debug|Any CPU.ActiveCfg = Debug|Any CPU
		{8FE74BC2-62B4-40EA-92C3-793571F06FEB}.Debug|Any CPU.Build.0 = Debug|Any CPU
		{8FE74BC2-62B4-40EA-92C3-793571F06FEB}.Release|Any CPU.ActiveCfg = Release|Any CPU
		{8FE74BC2-62B4-40EA-92C3-793571F06FEB}.Release|Any CPU.Build.0 = Release|Any CPU
	EndGlobalSection
	GlobalSection(SolutionProperties) = preSolution
		HideSolutionNode = FALSE
	EndGlobalSection
	GlobalSection(ExtensibilityGlobals) = postSolution
		SolutionGuid = {A1E51FC5-4C58-4362-B521-91B8D0642448}
	EndGlobalSection
EndGlobal
